// !$*UTF8*$!
{
	archiveVersion = 1;
	classes = {
	};
	objectVersion = 51;
	objects = {

/* Begin PBXBuildFile section */
		1F6CC781AAD5877F448AEF4E /* Pods_ReadWriteSpeakThai.framework in Frameworks */ = {isa = PBXBuildFile; fileRef = 515F1B497B45C8A65C7E96B5 /* Pods_ReadWriteSpeakThai.framework */; };
		C30D479925E48E970008623F /* ActionControlSentence.swift in Sources */ = {isa = PBXBuildFile; fileRef = C30D479825E48E970008623F /* ActionControlSentence.swift */; };
		C30D479B25E497FB0008623F /* AudioControlSentence.swift in Sources */ = {isa = PBXBuildFile; fileRef = C30D479A25E497FB0008623F /* AudioControlSentence.swift */; };
		C30D479D25E4A0D50008623F /* SentenceCard.swift in Sources */ = {isa = PBXBuildFile; fileRef = C30D479C25E4A0D50008623F /* SentenceCard.swift */; };
		C33FB4AC25E3CCA2008E1A93 /* ActionSentenceCollectionViewCell.swift in Sources */ = {isa = PBXBuildFile; fileRef = C33FB4AA25E3CCA2008E1A93 /* ActionSentenceCollectionViewCell.swift */; };
		C33FB4AD25E3CCA2008E1A93 /* ActionSentenceCollectionViewCell.xib in Resources */ = {isa = PBXBuildFile; fileRef = C33FB4AB25E3CCA2008E1A93 /* ActionSentenceCollectionViewCell.xib */; };
		C340348E25F91E3B007DDD60 /* Source.swift in Sources */ = {isa = PBXBuildFile; fileRef = C340348D25F91E3B007DDD60 /* Source.swift */; };
		C340349125F92919007DDD60 /* Vowel.swift in Sources */ = {isa = PBXBuildFile; fileRef = C340349025F92919007DDD60 /* Vowel.swift */; };
		C340B21325F8B13A00966810 /* Category.swift in Sources */ = {isa = PBXBuildFile; fileRef = C340B21225F8B13A00966810 /* Category.swift */; };
		C340B22525F8C2DB00966810 /* categories.json in Resources */ = {isa = PBXBuildFile; fileRef = C340B21E25F8C2DB00966810 /* categories.json */; };
		C340B22625F8C2DB00966810 /* sources.json in Resources */ = {isa = PBXBuildFile; fileRef = C340B21F25F8C2DB00966810 /* sources.json */; };
		C340B22725F8C2DB00966810 /* vowels.json in Resources */ = {isa = PBXBuildFile; fileRef = C340B22025F8C2DB00966810 /* vowels.json */; };
		C340B22825F8C2DB00966810 /* numbers.json in Resources */ = {isa = PBXBuildFile; fileRef = C340B22125F8C2DB00966810 /* numbers.json */; };
		C340B22925F8C2DB00966810 /* sentences.json in Resources */ = {isa = PBXBuildFile; fileRef = C340B22225F8C2DB00966810 /* sentences.json */; };
		C340B22A25F8C2DB00966810 /* words.json in Resources */ = {isa = PBXBuildFile; fileRef = C340B22325F8C2DB00966810 /* words.json */; };
		C340B22B25F8C2DB00966810 /* consonants.json in Resources */ = {isa = PBXBuildFile; fileRef = C340B22425F8C2DB00966810 /* consonants.json */; };
		C34C2A5925E0BD0C0078AEC4 /* CategoryViewController.swift in Sources */ = {isa = PBXBuildFile; fileRef = C34C2A5825E0BD0C0078AEC4 /* CategoryViewController.swift */; };
		C34C364425D0C78100D7BD2F /* ModeCardCollectionViewCell.swift in Sources */ = {isa = PBXBuildFile; fileRef = C34C364225D0C78100D7BD2F /* ModeCardCollectionViewCell.swift */; };
		C34C364525D0C78100D7BD2F /* ModeCardCollectionViewCell.xib in Resources */ = {isa = PBXBuildFile; fileRef = C34C364325D0C78100D7BD2F /* ModeCardCollectionViewCell.xib */; };
		C34C364725D0CD8B00D7BD2F /* ModeCard.swift in Sources */ = {isa = PBXBuildFile; fileRef = C34C364625D0CD8B00D7BD2F /* ModeCard.swift */; };
		C34CFBF325DE6DA500C810EA /* SentencesViewController.swift in Sources */ = {isa = PBXBuildFile; fileRef = C34CFBF225DE6DA500C810EA /* SentencesViewController.swift */; };
		C34EC98225E11913001DB283 /* SentenceStudyViewController.swift in Sources */ = {isa = PBXBuildFile; fileRef = C34EC98125E11913001DB283 /* SentenceStudyViewController.swift */; };
		C34F8EFC25CC4480001EE138 /* ToolGameCollectionViewCell.swift in Sources */ = {isa = PBXBuildFile; fileRef = C34F8EFA25CC4480001EE138 /* ToolGameCollectionViewCell.swift */; };
		C34F8EFD25CC4480001EE138 /* ToolGameCollectionViewCell.xib in Resources */ = {isa = PBXBuildFile; fileRef = C34F8EFB25CC4480001EE138 /* ToolGameCollectionViewCell.xib */; };
		C350BCC725D3E0E100A4D9CC /* DeckListCollectionViewCell.swift in Sources */ = {isa = PBXBuildFile; fileRef = C350BCC525D3E0E100A4D9CC /* DeckListCollectionViewCell.swift */; };
		C350BCC825D3E0E100A4D9CC /* DeckListCollectionViewCell.xib in Resources */ = {isa = PBXBuildFile; fileRef = C350BCC625D3E0E100A4D9CC /* DeckListCollectionViewCell.xib */; };
		C3523FAD25CAD18C006886C0 /* AppDelegate.swift in Sources */ = {isa = PBXBuildFile; fileRef = C3523FAC25CAD18C006886C0 /* AppDelegate.swift */; };
		C3523FAF25CAD18C006886C0 /* SceneDelegate.swift in Sources */ = {isa = PBXBuildFile; fileRef = C3523FAE25CAD18C006886C0 /* SceneDelegate.swift */; };
		C3523FB425CAD18C006886C0 /* Main.storyboard in Resources */ = {isa = PBXBuildFile; fileRef = C3523FB225CAD18C006886C0 /* Main.storyboard */; };
		C3523FB625CAD192006886C0 /* Assets.xcassets in Resources */ = {isa = PBXBuildFile; fileRef = C3523FB525CAD192006886C0 /* Assets.xcassets */; };
		C3523FB925CAD192006886C0 /* LaunchScreen.storyboard in Resources */ = {isa = PBXBuildFile; fileRef = C3523FB725CAD192006886C0 /* LaunchScreen.storyboard */; };
		C353585125DAB7C6008FC7DD /* DeckListViewController.swift in Sources */ = {isa = PBXBuildFile; fileRef = C353585025DAB7C6008FC7DD /* DeckListViewController.swift */; };
		C353585625DABEFB008FC7DD /* VerbCollectionViewCell.swift in Sources */ = {isa = PBXBuildFile; fileRef = C353585425DABEFB008FC7DD /* VerbCollectionViewCell.swift */; };
		C353585725DABEFB008FC7DD /* VerbCollectionViewCell.xib in Resources */ = {isa = PBXBuildFile; fileRef = C353585525DABEFB008FC7DD /* VerbCollectionViewCell.xib */; };
		C353585925DAD691008FC7DD /* VerbCard.swift in Sources */ = {isa = PBXBuildFile; fileRef = C353585825DAD691008FC7DD /* VerbCard.swift */; };
		C354818A25D1294D00260008 /* ToolsViewController.swift in Sources */ = {isa = PBXBuildFile; fileRef = C354818925D1294D00260008 /* ToolsViewController.swift */; };
		C354818E25D1382E00260008 /* ToolCollectionViewCell.swift in Sources */ = {isa = PBXBuildFile; fileRef = C354818C25D1382E00260008 /* ToolCollectionViewCell.swift */; };
		C354818F25D1382E00260008 /* ToolCollectionViewCell.xib in Resources */ = {isa = PBXBuildFile; fileRef = C354818D25D1382E00260008 /* ToolCollectionViewCell.xib */; };
		C354819125D13CD400260008 /* ToolCard.swift in Sources */ = {isa = PBXBuildFile; fileRef = C354819025D13CD400260008 /* ToolCard.swift */; };
		C3549B5225E0A45300659DCA /* BookSelectionCollectionViewCell.swift in Sources */ = {isa = PBXBuildFile; fileRef = C3549B5025E0A45300659DCA /* BookSelectionCollectionViewCell.swift */; };
		C3549B5325E0A45300659DCA /* BookSelectionCollectionViewCell.xib in Resources */ = {isa = PBXBuildFile; fileRef = C3549B5125E0A45300659DCA /* BookSelectionCollectionViewCell.xib */; };
		C3549B5725E0A5B900659DCA /* SubtitleSelectionCollectionViewCell.swift in Sources */ = {isa = PBXBuildFile; fileRef = C3549B5525E0A5B900659DCA /* SubtitleSelectionCollectionViewCell.swift */; };
		C3549B5825E0A5B900659DCA /* SubtitleSelectionCollectionViewCell.xib in Resources */ = {isa = PBXBuildFile; fileRef = C3549B5625E0A5B900659DCA /* SubtitleSelectionCollectionViewCell.xib */; };
		C3549B5B25E0AED800659DCA /* AppSelectionCollectionViewCell.swift in Sources */ = {isa = PBXBuildFile; fileRef = C3549B5925E0AED800659DCA /* AppSelectionCollectionViewCell.swift */; };
		C3549B5C25E0AED800659DCA /* AppSelectionCollectionViewCell.xib in Resources */ = {isa = PBXBuildFile; fileRef = C3549B5A25E0AED800659DCA /* AppSelectionCollectionViewCell.xib */; };
		C3552D2B25CCDF4F00869020 /* WorkCard.swift in Sources */ = {isa = PBXBuildFile; fileRef = C3552D2A25CCDF4F00869020 /* WorkCard.swift */; };
		C3552D2D25CCED1A00869020 /* ToolGameCard.swift in Sources */ = {isa = PBXBuildFile; fileRef = C3552D2C25CCED1A00869020 /* ToolGameCard.swift */; };
		C355975425D93C00003E2B17 /* AddCardViewController.swift in Sources */ = {isa = PBXBuildFile; fileRef = C355975325D93C00003E2B17 /* AddCardViewController.swift */; };
		C355BBF425CFEAB0003E95E3 /* ModesViewController.swift in Sources */ = {isa = PBXBuildFile; fileRef = C355BBF325CFEAB0003E95E3 /* ModesViewController.swift */; };
		C355BBF625CFECE7003E95E3 /* DashboardViewController.swift in Sources */ = {isa = PBXBuildFile; fileRef = C355BBF525CFECE7003E95E3 /* DashboardViewController.swift */; };
		C35DD20C25D29E030057F0E1 /* FlashCardViewController.swift in Sources */ = {isa = PBXBuildFile; fileRef = C35DD20B25D29E030057F0E1 /* FlashCardViewController.swift */; };
		C36D8E0925E3F09D004D901E /* SentenceCollectionViewCell.swift in Sources */ = {isa = PBXBuildFile; fileRef = C36D8E0725E3F09D004D901E /* SentenceCollectionViewCell.swift */; };
		C36D8E0A25E3F09D004D901E /* SentenceCollectionViewCell.xib in Resources */ = {isa = PBXBuildFile; fileRef = C36D8E0825E3F09D004D901E /* SentenceCollectionViewCell.xib */; };
		C36D8E0E25E41010004D901E /* AudioControlCollectionViewCell.swift in Sources */ = {isa = PBXBuildFile; fileRef = C36D8E0C25E41010004D901E /* AudioControlCollectionViewCell.swift */; };
		C36D8E0F25E41010004D901E /* AudioControlCollectionViewCell.xib in Resources */ = {isa = PBXBuildFile; fileRef = C36D8E0D25E41010004D901E /* AudioControlCollectionViewCell.xib */; };
		C371B91425E03910007422BE /* SourceViewController.swift in Sources */ = {isa = PBXBuildFile; fileRef = C371B91325E03910007422BE /* SourceViewController.swift */; };
		C376BA4F25EB517700BB18A0 /* PopupToneTableViewCell.swift in Sources */ = {isa = PBXBuildFile; fileRef = C376BA4D25EB517700BB18A0 /* PopupToneTableViewCell.swift */; };
		C376BA5025EB517700BB18A0 /* PopupToneTableViewCell.xib in Resources */ = {isa = PBXBuildFile; fileRef = C376BA4E25EB517700BB18A0 /* PopupToneTableViewCell.xib */; };
		C376BA5325EB570F00BB18A0 /* ToneTableCell.swift in Sources */ = {isa = PBXBuildFile; fileRef = C376BA5225EB570F00BB18A0 /* ToneTableCell.swift */; };
		C37ADA9F25E8DFE500067E8F /* CategoryTagTableViewCell.swift in Sources */ = {isa = PBXBuildFile; fileRef = C37ADA9D25E8DFE500067E8F /* CategoryTagTableViewCell.swift */; };
		C37ADAA025E8DFE500067E8F /* CategoryTagTableViewCell.xib in Resources */ = {isa = PBXBuildFile; fileRef = C37ADA9E25E8DFE500067E8F /* CategoryTagTableViewCell.xib */; };
		C37FBC5725EA5A4300B00588 /* TabbarController.swift in Sources */ = {isa = PBXBuildFile; fileRef = C37FBC5625EA5A4300B00588 /* TabbarController.swift */; };
		C3805B6C25CB9E7800518151 /* WorkCollectionViewCell.swift in Sources */ = {isa = PBXBuildFile; fileRef = C3805B6A25CB9E7800518151 /* WorkCollectionViewCell.swift */; };
		C3805B6D25CB9E7800518151 /* WorkCollectionViewCell.xib in Resources */ = {isa = PBXBuildFile; fileRef = C3805B6B25CB9E7800518151 /* WorkCollectionViewCell.xib */; };
		C3879AF925EAD95F00467F59 /* PopupViewController.swift in Sources */ = {isa = PBXBuildFile; fileRef = C3879AF725EAD95F00467F59 /* PopupViewController.swift */; };
		C3879AFA25EAD95F00467F59 /* PopupViewController.xib in Resources */ = {isa = PBXBuildFile; fileRef = C3879AF825EAD95F00467F59 /* PopupViewController.xib */; };
		C38CCE0F25FA137C0002F827 /* WordViewController.swift in Sources */ = {isa = PBXBuildFile; fileRef = C38CCE0E25FA137C0002F827 /* WordViewController.swift */; };
		C38CCE1525FA13D20002F827 /* WordBoardCollectionViewCell.swift in Sources */ = {isa = PBXBuildFile; fileRef = C38CCE1325FA13D20002F827 /* WordBoardCollectionViewCell.swift */; };
		C38CCE1625FA13D20002F827 /* WordBoardCollectionViewCell.xib in Resources */ = {isa = PBXBuildFile; fileRef = C38CCE1425FA13D20002F827 /* WordBoardCollectionViewCell.xib */; };
		C38CCE1925FA21430002F827 /* WordBoardCard.swift in Sources */ = {isa = PBXBuildFile; fileRef = C38CCE1825FA21430002F827 /* WordBoardCard.swift */; };
		C3C8CD8425F8CC6D006FF5F1 /* APIService.swift in Sources */ = {isa = PBXBuildFile; fileRef = C3C8CD8325F8CC6D006FF5F1 /* APIService.swift */; };
		C3C8CD8725F8CCC9006FF5F1 /* Word.swift in Sources */ = {isa = PBXBuildFile; fileRef = C3C8CD8625F8CCC9006FF5F1 /* Word.swift */; };
		C3C8CD8A25F8DDA7006FF5F1 /* Number.swift in Sources */ = {isa = PBXBuildFile; fileRef = C3C8CD8925F8DDA7006FF5F1 /* Number.swift */; };
		C3DB848F25D2179B0074B19B /* AccountViewController.swift in Sources */ = {isa = PBXBuildFile; fileRef = C3DB848E25D2179B0074B19B /* AccountViewController.swift */; };
		C3DB849425D21A340074B19B /* SettingCollectionViewCell.swift in Sources */ = {isa = PBXBuildFile; fileRef = C3DB849225D21A340074B19B /* SettingCollectionViewCell.swift */; };
		C3DB849525D21A340074B19B /* SettingCollectionViewCell.xib in Resources */ = {isa = PBXBuildFile; fileRef = C3DB849325D21A340074B19B /* SettingCollectionViewCell.xib */; };
		C3DB849725D2230B0074B19B /* SettingCard.swift in Sources */ = {isa = PBXBuildFile; fileRef = C3DB849625D2230B0074B19B /* SettingCard.swift */; };
		C3DD510725F9F24F00BF59BF /* WordSentenceCollectionViewCell.swift in Sources */ = {isa = PBXBuildFile; fileRef = C3DD510525F9F24F00BF59BF /* WordSentenceCollectionViewCell.swift */; };
		C3DD510825F9F24F00BF59BF /* WordSentenceCollectionViewCell.xib in Resources */ = {isa = PBXBuildFile; fileRef = C3DD510625F9F24F00BF59BF /* WordSentenceCollectionViewCell.xib */; };
		C3EACEE025D919CC009E0A45 /* ShowDeckListButton.swift in Sources */ = {isa = PBXBuildFile; fileRef = C3EACEDF25D919CC009E0A45 /* ShowDeckListButton.swift */; };
		C3F19D6425CAD2F30026D960 /* Constant.swift in Sources */ = {isa = PBXBuildFile; fileRef = C3F19D6325CAD2F30026D960 /* Constant.swift */; };
		C3F19D6925CAE3760026D960 /* OverviewCard.swift in Sources */ = {isa = PBXBuildFile; fileRef = C3F19D6725CAE3760026D960 /* OverviewCard.swift */; };
		C3F19D6A25CAE3760026D960 /* OverviewCard.xib in Resources */ = {isa = PBXBuildFile; fileRef = C3F19D6825CAE3760026D960 /* OverviewCard.xib */; };
		C3F845A725F9C097004B0B98 /* Sentence.swift in Sources */ = {isa = PBXBuildFile; fileRef = C3F845A625F9C097004B0B98 /* Sentence.swift */; };
/* End PBXBuildFile section */

/* Begin PBXFileReference section */
		0EE321EED23620F4EA3FF055 /* Pods-ReadWriteSpeakThai.debug.xcconfig */ = {isa = PBXFileReference; includeInIndex = 1; lastKnownFileType = text.xcconfig; name = "Pods-ReadWriteSpeakThai.debug.xcconfig"; path = "Target Support Files/Pods-ReadWriteSpeakThai/Pods-ReadWriteSpeakThai.debug.xcconfig"; sourceTree = "<group>"; };
		2D8EF73E42F7D64790E580C7 /* Pods-ReadWriteSpeakThai.release.xcconfig */ = {isa = PBXFileReference; includeInIndex = 1; lastKnownFileType = text.xcconfig; name = "Pods-ReadWriteSpeakThai.release.xcconfig"; path = "Target Support Files/Pods-ReadWriteSpeakThai/Pods-ReadWriteSpeakThai.release.xcconfig"; sourceTree = "<group>"; };
		515F1B497B45C8A65C7E96B5 /* Pods_ReadWriteSpeakThai.framework */ = {isa = PBXFileReference; explicitFileType = wrapper.framework; includeInIndex = 0; path = Pods_ReadWriteSpeakThai.framework; sourceTree = BUILT_PRODUCTS_DIR; };
		C30D479825E48E970008623F /* ActionControlSentence.swift */ = {isa = PBXFileReference; lastKnownFileType = sourcecode.swift; path = ActionControlSentence.swift; sourceTree = "<group>"; };
		C30D479A25E497FB0008623F /* AudioControlSentence.swift */ = {isa = PBXFileReference; lastKnownFileType = sourcecode.swift; path = AudioControlSentence.swift; sourceTree = "<group>"; };
		C30D479C25E4A0D50008623F /* SentenceCard.swift */ = {isa = PBXFileReference; lastKnownFileType = sourcecode.swift; path = SentenceCard.swift; sourceTree = "<group>"; };
		C33FB4AA25E3CCA2008E1A93 /* ActionSentenceCollectionViewCell.swift */ = {isa = PBXFileReference; lastKnownFileType = sourcecode.swift; path = ActionSentenceCollectionViewCell.swift; sourceTree = "<group>"; };
		C33FB4AB25E3CCA2008E1A93 /* ActionSentenceCollectionViewCell.xib */ = {isa = PBXFileReference; lastKnownFileType = file.xib; path = ActionSentenceCollectionViewCell.xib; sourceTree = "<group>"; };
		C340348D25F91E3B007DDD60 /* Source.swift */ = {isa = PBXFileReference; lastKnownFileType = sourcecode.swift; path = Source.swift; sourceTree = "<group>"; };
		C340349025F92919007DDD60 /* Vowel.swift */ = {isa = PBXFileReference; lastKnownFileType = sourcecode.swift; path = Vowel.swift; sourceTree = "<group>"; };
		C340B21225F8B13A00966810 /* Category.swift */ = {isa = PBXFileReference; lastKnownFileType = sourcecode.swift; path = Category.swift; sourceTree = "<group>"; };
		C340B21E25F8C2DB00966810 /* categories.json */ = {isa = PBXFileReference; fileEncoding = 4; lastKnownFileType = text.json; path = categories.json; sourceTree = "<group>"; };
		C340B21F25F8C2DB00966810 /* sources.json */ = {isa = PBXFileReference; fileEncoding = 4; lastKnownFileType = text.json; path = sources.json; sourceTree = "<group>"; };
		C340B22025F8C2DB00966810 /* vowels.json */ = {isa = PBXFileReference; fileEncoding = 4; lastKnownFileType = text.json; path = vowels.json; sourceTree = "<group>"; };
		C340B22125F8C2DB00966810 /* numbers.json */ = {isa = PBXFileReference; fileEncoding = 4; lastKnownFileType = text.json; path = numbers.json; sourceTree = "<group>"; };
		C340B22225F8C2DB00966810 /* sentences.json */ = {isa = PBXFileReference; fileEncoding = 4; lastKnownFileType = text.json; path = sentences.json; sourceTree = "<group>"; };
		C340B22325F8C2DB00966810 /* words.json */ = {isa = PBXFileReference; fileEncoding = 4; lastKnownFileType = text.json; path = words.json; sourceTree = "<group>"; };
		C340B22425F8C2DB00966810 /* consonants.json */ = {isa = PBXFileReference; fileEncoding = 4; lastKnownFileType = text.json; path = consonants.json; sourceTree = "<group>"; };
		C34C2A5825E0BD0C0078AEC4 /* CategoryViewController.swift */ = {isa = PBXFileReference; lastKnownFileType = sourcecode.swift; path = CategoryViewController.swift; sourceTree = "<group>"; };
		C34C364225D0C78100D7BD2F /* ModeCardCollectionViewCell.swift */ = {isa = PBXFileReference; lastKnownFileType = sourcecode.swift; path = ModeCardCollectionViewCell.swift; sourceTree = "<group>"; };
		C34C364325D0C78100D7BD2F /* ModeCardCollectionViewCell.xib */ = {isa = PBXFileReference; lastKnownFileType = file.xib; path = ModeCardCollectionViewCell.xib; sourceTree = "<group>"; };
		C34C364625D0CD8B00D7BD2F /* ModeCard.swift */ = {isa = PBXFileReference; lastKnownFileType = sourcecode.swift; path = ModeCard.swift; sourceTree = "<group>"; };
		C34CFBF225DE6DA500C810EA /* SentencesViewController.swift */ = {isa = PBXFileReference; lastKnownFileType = sourcecode.swift; path = SentencesViewController.swift; sourceTree = "<group>"; };
		C34EC98125E11913001DB283 /* SentenceStudyViewController.swift */ = {isa = PBXFileReference; lastKnownFileType = sourcecode.swift; path = SentenceStudyViewController.swift; sourceTree = "<group>"; };
		C34F8EFA25CC4480001EE138 /* ToolGameCollectionViewCell.swift */ = {isa = PBXFileReference; lastKnownFileType = sourcecode.swift; path = ToolGameCollectionViewCell.swift; sourceTree = "<group>"; };
		C34F8EFB25CC4480001EE138 /* ToolGameCollectionViewCell.xib */ = {isa = PBXFileReference; lastKnownFileType = file.xib; path = ToolGameCollectionViewCell.xib; sourceTree = "<group>"; };
		C350BCC525D3E0E100A4D9CC /* DeckListCollectionViewCell.swift */ = {isa = PBXFileReference; lastKnownFileType = sourcecode.swift; path = DeckListCollectionViewCell.swift; sourceTree = "<group>"; };
		C350BCC625D3E0E100A4D9CC /* DeckListCollectionViewCell.xib */ = {isa = PBXFileReference; lastKnownFileType = file.xib; path = DeckListCollectionViewCell.xib; sourceTree = "<group>"; };
		C3523FA925CAD18C006886C0 /* ReadWriteSpeakThai.app */ = {isa = PBXFileReference; explicitFileType = wrapper.application; includeInIndex = 0; path = ReadWriteSpeakThai.app; sourceTree = BUILT_PRODUCTS_DIR; };
		C3523FAC25CAD18C006886C0 /* AppDelegate.swift */ = {isa = PBXFileReference; lastKnownFileType = sourcecode.swift; path = AppDelegate.swift; sourceTree = "<group>"; };
		C3523FAE25CAD18C006886C0 /* SceneDelegate.swift */ = {isa = PBXFileReference; lastKnownFileType = sourcecode.swift; path = SceneDelegate.swift; sourceTree = "<group>"; };
		C3523FB325CAD18C006886C0 /* Base */ = {isa = PBXFileReference; lastKnownFileType = file.storyboard; name = Base; path = Base.lproj/Main.storyboard; sourceTree = "<group>"; };
		C3523FB525CAD192006886C0 /* Assets.xcassets */ = {isa = PBXFileReference; lastKnownFileType = folder.assetcatalog; path = Assets.xcassets; sourceTree = "<group>"; };
		C3523FB825CAD192006886C0 /* Base */ = {isa = PBXFileReference; lastKnownFileType = file.storyboard; name = Base; path = Base.lproj/LaunchScreen.storyboard; sourceTree = "<group>"; };
		C3523FBA25CAD193006886C0 /* Info.plist */ = {isa = PBXFileReference; lastKnownFileType = text.plist.xml; path = Info.plist; sourceTree = "<group>"; };
		C353585025DAB7C6008FC7DD /* DeckListViewController.swift */ = {isa = PBXFileReference; lastKnownFileType = sourcecode.swift; path = DeckListViewController.swift; sourceTree = "<group>"; };
		C353585425DABEFB008FC7DD /* VerbCollectionViewCell.swift */ = {isa = PBXFileReference; lastKnownFileType = sourcecode.swift; path = VerbCollectionViewCell.swift; sourceTree = "<group>"; };
		C353585525DABEFB008FC7DD /* VerbCollectionViewCell.xib */ = {isa = PBXFileReference; lastKnownFileType = file.xib; path = VerbCollectionViewCell.xib; sourceTree = "<group>"; };
		C353585825DAD691008FC7DD /* VerbCard.swift */ = {isa = PBXFileReference; lastKnownFileType = sourcecode.swift; path = VerbCard.swift; sourceTree = "<group>"; };
		C354818925D1294D00260008 /* ToolsViewController.swift */ = {isa = PBXFileReference; lastKnownFileType = sourcecode.swift; path = ToolsViewController.swift; sourceTree = "<group>"; };
		C354818C25D1382E00260008 /* ToolCollectionViewCell.swift */ = {isa = PBXFileReference; lastKnownFileType = sourcecode.swift; path = ToolCollectionViewCell.swift; sourceTree = "<group>"; };
		C354818D25D1382E00260008 /* ToolCollectionViewCell.xib */ = {isa = PBXFileReference; lastKnownFileType = file.xib; path = ToolCollectionViewCell.xib; sourceTree = "<group>"; };
		C354819025D13CD400260008 /* ToolCard.swift */ = {isa = PBXFileReference; lastKnownFileType = sourcecode.swift; path = ToolCard.swift; sourceTree = "<group>"; };
		C3549B5025E0A45300659DCA /* BookSelectionCollectionViewCell.swift */ = {isa = PBXFileReference; lastKnownFileType = sourcecode.swift; path = BookSelectionCollectionViewCell.swift; sourceTree = "<group>"; };
		C3549B5125E0A45300659DCA /* BookSelectionCollectionViewCell.xib */ = {isa = PBXFileReference; lastKnownFileType = file.xib; path = BookSelectionCollectionViewCell.xib; sourceTree = "<group>"; };
		C3549B5525E0A5B900659DCA /* SubtitleSelectionCollectionViewCell.swift */ = {isa = PBXFileReference; lastKnownFileType = sourcecode.swift; path = SubtitleSelectionCollectionViewCell.swift; sourceTree = "<group>"; };
		C3549B5625E0A5B900659DCA /* SubtitleSelectionCollectionViewCell.xib */ = {isa = PBXFileReference; lastKnownFileType = file.xib; path = SubtitleSelectionCollectionViewCell.xib; sourceTree = "<group>"; };
		C3549B5925E0AED800659DCA /* AppSelectionCollectionViewCell.swift */ = {isa = PBXFileReference; lastKnownFileType = sourcecode.swift; path = AppSelectionCollectionViewCell.swift; sourceTree = "<group>"; };
		C3549B5A25E0AED800659DCA /* AppSelectionCollectionViewCell.xib */ = {isa = PBXFileReference; lastKnownFileType = file.xib; path = AppSelectionCollectionViewCell.xib; sourceTree = "<group>"; };
		C3552D2A25CCDF4F00869020 /* WorkCard.swift */ = {isa = PBXFileReference; lastKnownFileType = sourcecode.swift; path = WorkCard.swift; sourceTree = "<group>"; };
		C3552D2C25CCED1A00869020 /* ToolGameCard.swift */ = {isa = PBXFileReference; lastKnownFileType = sourcecode.swift; path = ToolGameCard.swift; sourceTree = "<group>"; };
		C355975325D93C00003E2B17 /* AddCardViewController.swift */ = {isa = PBXFileReference; lastKnownFileType = sourcecode.swift; path = AddCardViewController.swift; sourceTree = "<group>"; };
		C355BBF325CFEAB0003E95E3 /* ModesViewController.swift */ = {isa = PBXFileReference; lastKnownFileType = sourcecode.swift; path = ModesViewController.swift; sourceTree = "<group>"; };
		C355BBF525CFECE7003E95E3 /* DashboardViewController.swift */ = {isa = PBXFileReference; lastKnownFileType = sourcecode.swift; path = DashboardViewController.swift; sourceTree = "<group>"; };
		C35DD20B25D29E030057F0E1 /* FlashCardViewController.swift */ = {isa = PBXFileReference; lastKnownFileType = sourcecode.swift; path = FlashCardViewController.swift; sourceTree = "<group>"; };
		C36D8E0725E3F09D004D901E /* SentenceCollectionViewCell.swift */ = {isa = PBXFileReference; lastKnownFileType = sourcecode.swift; path = SentenceCollectionViewCell.swift; sourceTree = "<group>"; };
		C36D8E0825E3F09D004D901E /* SentenceCollectionViewCell.xib */ = {isa = PBXFileReference; lastKnownFileType = file.xib; path = SentenceCollectionViewCell.xib; sourceTree = "<group>"; };
		C36D8E0C25E41010004D901E /* AudioControlCollectionViewCell.swift */ = {isa = PBXFileReference; lastKnownFileType = sourcecode.swift; path = AudioControlCollectionViewCell.swift; sourceTree = "<group>"; };
		C36D8E0D25E41010004D901E /* AudioControlCollectionViewCell.xib */ = {isa = PBXFileReference; lastKnownFileType = file.xib; path = AudioControlCollectionViewCell.xib; sourceTree = "<group>"; };
		C371B91325E03910007422BE /* SourceViewController.swift */ = {isa = PBXFileReference; lastKnownFileType = sourcecode.swift; path = SourceViewController.swift; sourceTree = "<group>"; };
		C376BA4D25EB517700BB18A0 /* PopupToneTableViewCell.swift */ = {isa = PBXFileReference; lastKnownFileType = sourcecode.swift; path = PopupToneTableViewCell.swift; sourceTree = "<group>"; };
		C376BA4E25EB517700BB18A0 /* PopupToneTableViewCell.xib */ = {isa = PBXFileReference; lastKnownFileType = file.xib; path = PopupToneTableViewCell.xib; sourceTree = "<group>"; };
		C376BA5225EB570F00BB18A0 /* ToneTableCell.swift */ = {isa = PBXFileReference; lastKnownFileType = sourcecode.swift; path = ToneTableCell.swift; sourceTree = "<group>"; };
		C37ADA9D25E8DFE500067E8F /* CategoryTagTableViewCell.swift */ = {isa = PBXFileReference; lastKnownFileType = sourcecode.swift; path = CategoryTagTableViewCell.swift; sourceTree = "<group>"; };
		C37ADA9E25E8DFE500067E8F /* CategoryTagTableViewCell.xib */ = {isa = PBXFileReference; lastKnownFileType = file.xib; path = CategoryTagTableViewCell.xib; sourceTree = "<group>"; };
		C37FBC5625EA5A4300B00588 /* TabbarController.swift */ = {isa = PBXFileReference; lastKnownFileType = sourcecode.swift; path = TabbarController.swift; sourceTree = "<group>"; };
		C3805B6A25CB9E7800518151 /* WorkCollectionViewCell.swift */ = {isa = PBXFileReference; lastKnownFileType = sourcecode.swift; path = WorkCollectionViewCell.swift; sourceTree = "<group>"; };
		C3805B6B25CB9E7800518151 /* WorkCollectionViewCell.xib */ = {isa = PBXFileReference; lastKnownFileType = file.xib; path = WorkCollectionViewCell.xib; sourceTree = "<group>"; };
		C3879AF725EAD95F00467F59 /* PopupViewController.swift */ = {isa = PBXFileReference; lastKnownFileType = sourcecode.swift; path = PopupViewController.swift; sourceTree = "<group>"; };
		C3879AF825EAD95F00467F59 /* PopupViewController.xib */ = {isa = PBXFileReference; lastKnownFileType = file.xib; path = PopupViewController.xib; sourceTree = "<group>"; };
		C38CCE0E25FA137C0002F827 /* WordViewController.swift */ = {isa = PBXFileReference; lastKnownFileType = sourcecode.swift; path = WordViewController.swift; sourceTree = "<group>"; };
		C38CCE1325FA13D20002F827 /* WordBoardCollectionViewCell.swift */ = {isa = PBXFileReference; lastKnownFileType = sourcecode.swift; path = WordBoardCollectionViewCell.swift; sourceTree = "<group>"; };
		C38CCE1425FA13D20002F827 /* WordBoardCollectionViewCell.xib */ = {isa = PBXFileReference; lastKnownFileType = file.xib; path = WordBoardCollectionViewCell.xib; sourceTree = "<group>"; };
		C38CCE1825FA21430002F827 /* WordBoardCard.swift */ = {isa = PBXFileReference; lastKnownFileType = sourcecode.swift; path = WordBoardCard.swift; sourceTree = "<group>"; };
		C3C8CD8325F8CC6D006FF5F1 /* APIService.swift */ = {isa = PBXFileReference; lastKnownFileType = sourcecode.swift; path = APIService.swift; sourceTree = "<group>"; };
		C3C8CD8625F8CCC9006FF5F1 /* Word.swift */ = {isa = PBXFileReference; lastKnownFileType = sourcecode.swift; path = Word.swift; sourceTree = "<group>"; };
		C3C8CD8925F8DDA7006FF5F1 /* Number.swift */ = {isa = PBXFileReference; lastKnownFileType = sourcecode.swift; path = Number.swift; sourceTree = "<group>"; };
		C3DB848E25D2179B0074B19B /* AccountViewController.swift */ = {isa = PBXFileReference; lastKnownFileType = sourcecode.swift; path = AccountViewController.swift; sourceTree = "<group>"; };
		C3DB849225D21A340074B19B /* SettingCollectionViewCell.swift */ = {isa = PBXFileReference; lastKnownFileType = sourcecode.swift; path = SettingCollectionViewCell.swift; sourceTree = "<group>"; };
		C3DB849325D21A340074B19B /* SettingCollectionViewCell.xib */ = {isa = PBXFileReference; lastKnownFileType = file.xib; path = SettingCollectionViewCell.xib; sourceTree = "<group>"; };
		C3DB849625D2230B0074B19B /* SettingCard.swift */ = {isa = PBXFileReference; lastKnownFileType = sourcecode.swift; path = SettingCard.swift; sourceTree = "<group>"; };
		C3DD510525F9F24F00BF59BF /* WordSentenceCollectionViewCell.swift */ = {isa = PBXFileReference; lastKnownFileType = sourcecode.swift; path = WordSentenceCollectionViewCell.swift; sourceTree = "<group>"; };
		C3DD510625F9F24F00BF59BF /* WordSentenceCollectionViewCell.xib */ = {isa = PBXFileReference; lastKnownFileType = file.xib; path = WordSentenceCollectionViewCell.xib; sourceTree = "<group>"; };
		C3EACEDF25D919CC009E0A45 /* ShowDeckListButton.swift */ = {isa = PBXFileReference; lastKnownFileType = sourcecode.swift; path = ShowDeckListButton.swift; sourceTree = "<group>"; };
		C3F19D6325CAD2F30026D960 /* Constant.swift */ = {isa = PBXFileReference; lastKnownFileType = sourcecode.swift; path = Constant.swift; sourceTree = "<group>"; };
		C3F19D6725CAE3760026D960 /* OverviewCard.swift */ = {isa = PBXFileReference; lastKnownFileType = sourcecode.swift; path = OverviewCard.swift; sourceTree = "<group>"; };
		C3F19D6825CAE3760026D960 /* OverviewCard.xib */ = {isa = PBXFileReference; lastKnownFileType = file.xib; path = OverviewCard.xib; sourceTree = "<group>"; };
		C3F845A625F9C097004B0B98 /* Sentence.swift */ = {isa = PBXFileReference; lastKnownFileType = sourcecode.swift; path = Sentence.swift; sourceTree = "<group>"; };
/* End PBXFileReference section */

/* Begin PBXFrameworksBuildPhase section */
		C3523FA625CAD18C006886C0 /* Frameworks */ = {
			isa = PBXFrameworksBuildPhase;
			buildActionMask = 2147483647;
			files = (
				1F6CC781AAD5877F448AEF4E /* Pods_ReadWriteSpeakThai.framework in Frameworks */,
			);
			runOnlyForDeploymentPostprocessing = 0;
		};
/* End PBXFrameworksBuildPhase section */

/* Begin PBXGroup section */
		0C09E8395AB71A31823E67EB /* Pods */ = {
			isa = PBXGroup;
			children = (
				0EE321EED23620F4EA3FF055 /* Pods-ReadWriteSpeakThai.debug.xcconfig */,
				2D8EF73E42F7D64790E580C7 /* Pods-ReadWriteSpeakThai.release.xcconfig */,
			);
			path = Pods;
			sourceTree = "<group>";
		};
		471F380A72BDD5E70256001E /* Frameworks */ = {
			isa = PBXGroup;
			children = (
				515F1B497B45C8A65C7E96B5 /* Pods_ReadWriteSpeakThai.framework */,
			);
			name = Frameworks;
			sourceTree = "<group>";
		};
		C33FB4A525E3C4B4008E1A93 /* ActionControl */ = {
			isa = PBXGroup;
			children = (
				C33FB4AA25E3CCA2008E1A93 /* ActionSentenceCollectionViewCell.swift */,
				C33FB4AB25E3CCA2008E1A93 /* ActionSentenceCollectionViewCell.xib */,
			);
			path = ActionControl;
			sourceTree = "<group>";
		};
		C340B21D25F8C2DB00966810 /* json */ = {
			isa = PBXGroup;
			children = (
				C340B21E25F8C2DB00966810 /* categories.json */,
				C340B21F25F8C2DB00966810 /* sources.json */,
				C340B22025F8C2DB00966810 /* vowels.json */,
				C340B22125F8C2DB00966810 /* numbers.json */,
				C340B22225F8C2DB00966810 /* sentences.json */,
				C340B22325F8C2DB00966810 /* words.json */,
				C340B22425F8C2DB00966810 /* consonants.json */,
			);
			path = json;
			sourceTree = "<group>";
		};
		C34C2A5A25E0BEA00078AEC4 /* CategoriesCell */ = {
			isa = PBXGroup;
			children = (
				C37ADA9D25E8DFE500067E8F /* CategoryTagTableViewCell.swift */,
				C37ADA9E25E8DFE500067E8F /* CategoryTagTableViewCell.xib */,
			);
			path = CategoriesCell;
			sourceTree = "<group>";
		};
		C34C364025D0C70B00D7BD2F /* Modes */ = {
			isa = PBXGroup;
			children = (
				C38CCE1125FA13930002F827 /* WordCard */,
				C371B90D25E026FE007422BE /* Sentences */,
				C34C364125D0C72500D7BD2F /* ModesCard */,
			);
			path = Modes;
			sourceTree = "<group>";
		};
		C34C364125D0C72500D7BD2F /* ModesCard */ = {
			isa = PBXGroup;
			children = (
				C34C364225D0C78100D7BD2F /* ModeCardCollectionViewCell.swift */,
				C34C364325D0C78100D7BD2F /* ModeCardCollectionViewCell.xib */,
			);
			path = ModesCard;
			sourceTree = "<group>";
		};
		C34F8EF925CC4443001EE138 /* ToolGameCard */ = {
			isa = PBXGroup;
			children = (
				C34F8EFA25CC4480001EE138 /* ToolGameCollectionViewCell.swift */,
				C34F8EFB25CC4480001EE138 /* ToolGameCollectionViewCell.xib */,
			);
			path = ToolGameCard;
			sourceTree = "<group>";
		};
		C350BCC225D3DFE300A4D9CC /* Choose Deck List */ = {
			isa = PBXGroup;
			children = (
				C3EACEDF25D919CC009E0A45 /* ShowDeckListButton.swift */,
				C350BCC525D3E0E100A4D9CC /* DeckListCollectionViewCell.swift */,
				C350BCC625D3E0E100A4D9CC /* DeckListCollectionViewCell.xib */,
			);
			path = "Choose Deck List";
			sourceTree = "<group>";
		};
		C3523FA025CAD18C006886C0 = {
			isa = PBXGroup;
			children = (
				C3523FAB25CAD18C006886C0 /* ReadWriteSpeakThai */,
				C3523FAA25CAD18C006886C0 /* Products */,
				0C09E8395AB71A31823E67EB /* Pods */,
				471F380A72BDD5E70256001E /* Frameworks */,
			);
			sourceTree = "<group>";
		};
		C3523FAA25CAD18C006886C0 /* Products */ = {
			isa = PBXGroup;
			children = (
				C3523FA925CAD18C006886C0 /* ReadWriteSpeakThai.app */,
			);
			name = Products;
			sourceTree = "<group>";
		};
		C3523FAB25CAD18C006886C0 /* ReadWriteSpeakThai */ = {
			isa = PBXGroup;
			children = (
				C340B21D25F8C2DB00966810 /* json */,
				C355BBF225CFE9D4003E95E3 /* ViewController */,
				C3552D2925CCDF2100869020 /* Model */,
				C3F19D6525CAE3160026D960 /* Dashboard */,
				C34C364025D0C70B00D7BD2F /* Modes */,
				C354818825D1287800260008 /* Tools */,
				C3DB849025D219F20074B19B /* Account */,
				C3523FAC25CAD18C006886C0 /* AppDelegate.swift */,
				C3523FAE25CAD18C006886C0 /* SceneDelegate.swift */,
				C3523FB225CAD18C006886C0 /* Main.storyboard */,
				C3523FB525CAD192006886C0 /* Assets.xcassets */,
				C3523FB725CAD192006886C0 /* LaunchScreen.storyboard */,
				C3523FBA25CAD193006886C0 /* Info.plist */,
			);
			path = ReadWriteSpeakThai;
			sourceTree = "<group>";
		};
		C353585325DABEAF008FC7DD /* VerbListCard */ = {
			isa = PBXGroup;
			children = (
				C353585425DABEFB008FC7DD /* VerbCollectionViewCell.swift */,
				C353585525DABEFB008FC7DD /* VerbCollectionViewCell.xib */,
			);
			path = VerbListCard;
			sourceTree = "<group>";
		};
		C354818825D1287800260008 /* Tools */ = {
			isa = PBXGroup;
			children = (
				C353585325DABEAF008FC7DD /* VerbListCard */,
				C350BCC225D3DFE300A4D9CC /* Choose Deck List */,
				C354818B25D1381500260008 /* ToolsCard */,
			);
			path = Tools;
			sourceTree = "<group>";
		};
		C354818B25D1381500260008 /* ToolsCard */ = {
			isa = PBXGroup;
			children = (
				C354818C25D1382E00260008 /* ToolCollectionViewCell.swift */,
				C354818D25D1382E00260008 /* ToolCollectionViewCell.xib */,
			);
			path = ToolsCard;
			sourceTree = "<group>";
		};
		C3549B4F25E0A41D00659DCA /* BookSelectionCell */ = {
			isa = PBXGroup;
			children = (
				C3549B5025E0A45300659DCA /* BookSelectionCollectionViewCell.swift */,
				C3549B5125E0A45300659DCA /* BookSelectionCollectionViewCell.xib */,
			);
			path = BookSelectionCell;
			sourceTree = "<group>";
		};
		C3549B5425E0A56A00659DCA /* SubtitleSelectionCell */ = {
			isa = PBXGroup;
			children = (
				C3549B5525E0A5B900659DCA /* SubtitleSelectionCollectionViewCell.swift */,
				C3549B5625E0A5B900659DCA /* SubtitleSelectionCollectionViewCell.xib */,
			);
			path = SubtitleSelectionCell;
			sourceTree = "<group>";
		};
		C3552D2925CCDF2100869020 /* Model */ = {
			isa = PBXGroup;
			children = (
				C3C8CD8325F8CC6D006FF5F1 /* APIService.swift */,
				C3552D2A25CCDF4F00869020 /* WorkCard.swift */,
				C3552D2C25CCED1A00869020 /* ToolGameCard.swift */,
				C34C364625D0CD8B00D7BD2F /* ModeCard.swift */,
				C354819025D13CD400260008 /* ToolCard.swift */,
				C3DB849625D2230B0074B19B /* SettingCard.swift */,
				C353585825DAD691008FC7DD /* VerbCard.swift */,
				C30D479825E48E970008623F /* ActionControlSentence.swift */,
				C30D479A25E497FB0008623F /* AudioControlSentence.swift */,
				C30D479C25E4A0D50008623F /* SentenceCard.swift */,
				C376BA5225EB570F00BB18A0 /* ToneTableCell.swift */,
				C340B21225F8B13A00966810 /* Category.swift */,
				C3C8CD8625F8CCC9006FF5F1 /* Word.swift */,
				C3C8CD8925F8DDA7006FF5F1 /* Number.swift */,
				C340348D25F91E3B007DDD60 /* Source.swift */,
				C340349025F92919007DDD60 /* Vowel.swift */,
				C3F845A625F9C097004B0B98 /* Sentence.swift */,
			);
			path = Model;
			sourceTree = "<group>";
		};
		C355BBF225CFE9D4003E95E3 /* ViewController */ = {
			isa = PBXGroup;
			children = (
				C3F19D6325CAD2F30026D960 /* Constant.swift */,
				C37FBC5625EA5A4300B00588 /* TabbarController.swift */,
				C355BBF525CFECE7003E95E3 /* DashboardViewController.swift */,
				C355BBF325CFEAB0003E95E3 /* ModesViewController.swift */,
				C354818925D1294D00260008 /* ToolsViewController.swift */,
				C3DB848E25D2179B0074B19B /* AccountViewController.swift */,
				C35DD20B25D29E030057F0E1 /* FlashCardViewController.swift */,
				C355975325D93C00003E2B17 /* AddCardViewController.swift */,
				C353585025DAB7C6008FC7DD /* DeckListViewController.swift */,
				C34CFBF225DE6DA500C810EA /* SentencesViewController.swift */,
				C371B91325E03910007422BE /* SourceViewController.swift */,
				C34C2A5825E0BD0C0078AEC4 /* CategoryViewController.swift */,
				C34EC98125E11913001DB283 /* SentenceStudyViewController.swift */,
				C38CCE0E25FA137C0002F827 /* WordViewController.swift */,
			);
			path = ViewController;
			sourceTree = "<group>";
		};
		C36D8E0625E3F078004D901E /* SentencesCell */ = {
			isa = PBXGroup;
			children = (
				C36D8E0725E3F09D004D901E /* SentenceCollectionViewCell.swift */,
				C36D8E0825E3F09D004D901E /* SentenceCollectionViewCell.xib */,
			);
			path = SentencesCell;
			sourceTree = "<group>";
		};
		C36D8E0B25E40FEC004D901E /* AudioControlCell */ = {
			isa = PBXGroup;
			children = (
				C36D8E0C25E41010004D901E /* AudioControlCollectionViewCell.swift */,
				C36D8E0D25E41010004D901E /* AudioControlCollectionViewCell.xib */,
			);
			path = AudioControlCell;
			sourceTree = "<group>";
		};
		C371B90D25E026FE007422BE /* Sentences */ = {
			isa = PBXGroup;
			children = (
				C3DD510425F9F22100BF59BF /* WordByWordSentence */,
				C3879AF625EAD92B00467F59 /* Sentence Popup */,
				C36D8E0B25E40FEC004D901E /* AudioControlCell */,
				C36D8E0625E3F078004D901E /* SentencesCell */,
				C33FB4A525E3C4B4008E1A93 /* ActionControl */,
				C34C2A5A25E0BEA00078AEC4 /* CategoriesCell */,
				C3549B5425E0A56A00659DCA /* SubtitleSelectionCell */,
				C3549B4F25E0A41D00659DCA /* BookSelectionCell */,
				C371B90E25E0270A007422BE /* AppSelectionCell */,
			);
			path = Sentences;
			sourceTree = "<group>";
		};
		C371B90E25E0270A007422BE /* AppSelectionCell */ = {
			isa = PBXGroup;
			children = (
				C3549B5925E0AED800659DCA /* AppSelectionCollectionViewCell.swift */,
				C3549B5A25E0AED800659DCA /* AppSelectionCollectionViewCell.xib */,
			);
			path = AppSelectionCell;
			sourceTree = "<group>";
		};
		C3805B6925CB9DAA00518151 /* WorkCard */ = {
			isa = PBXGroup;
			children = (
				C3805B6A25CB9E7800518151 /* WorkCollectionViewCell.swift */,
				C3805B6B25CB9E7800518151 /* WorkCollectionViewCell.xib */,
			);
			path = WorkCard;
			sourceTree = "<group>";
		};
		C3879AF625EAD92B00467F59 /* Sentence Popup */ = {
			isa = PBXGroup;
			children = (
				C3879AF725EAD95F00467F59 /* PopupViewController.swift */,
				C3879AF825EAD95F00467F59 /* PopupViewController.xib */,
				C376BA4D25EB517700BB18A0 /* PopupToneTableViewCell.swift */,
				C376BA4E25EB517700BB18A0 /* PopupToneTableViewCell.xib */,
			);
			path = "Sentence Popup";
			sourceTree = "<group>";
		};
		C38CCE1125FA13930002F827 /* WordCard */ = {
			isa = PBXGroup;
			children = (
				C38CCE1225FA139F0002F827 /* WordBoardCard */,
			);
			path = WordCard;
			sourceTree = "<group>";
		};
		C38CCE1225FA139F0002F827 /* WordBoardCard */ = {
			isa = PBXGroup;
			children = (
				C38CCE1325FA13D20002F827 /* WordBoardCollectionViewCell.swift */,
				C38CCE1425FA13D20002F827 /* WordBoardCollectionViewCell.xib */,
				C38CCE1825FA21430002F827 /* WordBoardCard.swift */,
			);
			path = WordBoardCard;
			sourceTree = "<group>";
		};
		C3DB849025D219F20074B19B /* Account */ = {
			isa = PBXGroup;
			children = (
				C3DB849125D21A0D0074B19B /* SettingCard */,
			);
			path = Account;
			sourceTree = "<group>";
		};
		C3DB849125D21A0D0074B19B /* SettingCard */ = {
			isa = PBXGroup;
			children = (
				C3DB849225D21A340074B19B /* SettingCollectionViewCell.swift */,
				C3DB849325D21A340074B19B /* SettingCollectionViewCell.xib */,
			);
			path = SettingCard;
			sourceTree = "<group>";
		};
		C3DD510425F9F22100BF59BF /* WordByWordSentence */ = {
			isa = PBXGroup;
			children = (
				C3DD510525F9F24F00BF59BF /* WordSentenceCollectionViewCell.swift */,
				C3DD510625F9F24F00BF59BF /* WordSentenceCollectionViewCell.xib */,
			);
			path = WordByWordSentence;
			sourceTree = "<group>";
		};
		C3F19D6525CAE3160026D960 /* Dashboard */ = {
			isa = PBXGroup;
			children = (
				C34F8EF925CC4443001EE138 /* ToolGameCard */,
				C3805B6925CB9DAA00518151 /* WorkCard */,
				C3F19D6625CAE31F0026D960 /* HeaderCard */,
			);
			path = Dashboard;
			sourceTree = "<group>";
		};
		C3F19D6625CAE31F0026D960 /* HeaderCard */ = {
			isa = PBXGroup;
			children = (
				C3F19D6725CAE3760026D960 /* OverviewCard.swift */,
				C3F19D6825CAE3760026D960 /* OverviewCard.xib */,
			);
			path = HeaderCard;
			sourceTree = "<group>";
		};
/* End PBXGroup section */

/* Begin PBXNativeTarget section */
		C3523FA825CAD18C006886C0 /* ReadWriteSpeakThai */ = {
			isa = PBXNativeTarget;
			buildConfigurationList = C3523FBD25CAD193006886C0 /* Build configuration list for PBXNativeTarget "ReadWriteSpeakThai" */;
			buildPhases = (
				AD6193DE5FF0AE0A64746B80 /* [CP] Check Pods Manifest.lock */,
				C3523FA525CAD18C006886C0 /* Sources */,
				C3523FA625CAD18C006886C0 /* Frameworks */,
				C3523FA725CAD18C006886C0 /* Resources */,
				DEFEB7A5D6CB39D12075456A /* [CP] Embed Pods Frameworks */,
			);
			buildRules = (
			);
			dependencies = (
			);
			name = ReadWriteSpeakThai;
			productName = ReadWriteSpeakThai;
			productReference = C3523FA925CAD18C006886C0 /* ReadWriteSpeakThai.app */;
			productType = "com.apple.product-type.application";
		};
/* End PBXNativeTarget section */

/* Begin PBXProject section */
		C3523FA125CAD18C006886C0 /* Project object */ = {
			isa = PBXProject;
			attributes = {
				LastSwiftUpdateCheck = 1170;
				LastUpgradeCheck = 1240;
				ORGANIZATIONNAME = "Nguyen Ngoc Duc";
				TargetAttributes = {
					C3523FA825CAD18C006886C0 = {
						CreatedOnToolsVersion = 11.7;
						LastSwiftMigration = 1240;
					};
				};
			};
			buildConfigurationList = C3523FA425CAD18C006886C0 /* Build configuration list for PBXProject "ReadWriteSpeakThai" */;
			compatibilityVersion = "Xcode 9.3";
			developmentRegion = en;
			hasScannedForEncodings = 0;
			knownRegions = (
				en,
				Base,
			);
			mainGroup = C3523FA025CAD18C006886C0;
			productRefGroup = C3523FAA25CAD18C006886C0 /* Products */;
			projectDirPath = "";
			projectRoot = "";
			targets = (
				C3523FA825CAD18C006886C0 /* ReadWriteSpeakThai */,
			);
		};
/* End PBXProject section */

/* Begin PBXResourcesBuildPhase section */
		C3523FA725CAD18C006886C0 /* Resources */ = {
			isa = PBXResourcesBuildPhase;
			buildActionMask = 2147483647;
			files = (
				C354818F25D1382E00260008 /* ToolCollectionViewCell.xib in Resources */,
				C3523FB925CAD192006886C0 /* LaunchScreen.storyboard in Resources */,
				C36D8E0A25E3F09D004D901E /* SentenceCollectionViewCell.xib in Resources */,
				C36D8E0F25E41010004D901E /* AudioControlCollectionViewCell.xib in Resources */,
				C340B22625F8C2DB00966810 /* sources.json in Resources */,
				C376BA5025EB517700BB18A0 /* PopupToneTableViewCell.xib in Resources */,
				C3549B5325E0A45300659DCA /* BookSelectionCollectionViewCell.xib in Resources */,
				C353585725DABEFB008FC7DD /* VerbCollectionViewCell.xib in Resources */,
				C340B22525F8C2DB00966810 /* categories.json in Resources */,
				C340B22725F8C2DB00966810 /* vowels.json in Resources */,
				C3805B6D25CB9E7800518151 /* WorkCollectionViewCell.xib in Resources */,
				C38CCE1625FA13D20002F827 /* WordBoardCollectionViewCell.xib in Resources */,
				C3549B5C25E0AED800659DCA /* AppSelectionCollectionViewCell.xib in Resources */,
				C3549B5825E0A5B900659DCA /* SubtitleSelectionCollectionViewCell.xib in Resources */,
				C3523FB625CAD192006886C0 /* Assets.xcassets in Resources */,
				C3DB849525D21A340074B19B /* SettingCollectionViewCell.xib in Resources */,
				C350BCC825D3E0E100A4D9CC /* DeckListCollectionViewCell.xib in Resources */,
				C340B22825F8C2DB00966810 /* numbers.json in Resources */,
				C340B22B25F8C2DB00966810 /* consonants.json in Resources */,
				C340B22925F8C2DB00966810 /* sentences.json in Resources */,
				C3F19D6A25CAE3760026D960 /* OverviewCard.xib in Resources */,
				C34F8EFD25CC4480001EE138 /* ToolGameCollectionViewCell.xib in Resources */,
				C3879AFA25EAD95F00467F59 /* PopupViewController.xib in Resources */,
				C340B22A25F8C2DB00966810 /* words.json in Resources */,
				C3DD510825F9F24F00BF59BF /* WordSentenceCollectionViewCell.xib in Resources */,
				C3523FB425CAD18C006886C0 /* Main.storyboard in Resources */,
				C34C364525D0C78100D7BD2F /* ModeCardCollectionViewCell.xib in Resources */,
				C33FB4AD25E3CCA2008E1A93 /* ActionSentenceCollectionViewCell.xib in Resources */,
				C37ADAA025E8DFE500067E8F /* CategoryTagTableViewCell.xib in Resources */,
			);
			runOnlyForDeploymentPostprocessing = 0;
		};
/* End PBXResourcesBuildPhase section */

/* Begin PBXShellScriptBuildPhase section */
		AD6193DE5FF0AE0A64746B80 /* [CP] Check Pods Manifest.lock */ = {
			isa = PBXShellScriptBuildPhase;
			buildActionMask = 2147483647;
			files = (
			);
			inputFileListPaths = (
			);
			inputPaths = (
				"${PODS_PODFILE_DIR_PATH}/Podfile.lock",
				"${PODS_ROOT}/Manifest.lock",
			);
			name = "[CP] Check Pods Manifest.lock";
			outputFileListPaths = (
			);
			outputPaths = (
				"$(DERIVED_FILE_DIR)/Pods-ReadWriteSpeakThai-checkManifestLockResult.txt",
			);
			runOnlyForDeploymentPostprocessing = 0;
			shellPath = /bin/sh;
			shellScript = "diff \"${PODS_PODFILE_DIR_PATH}/Podfile.lock\" \"${PODS_ROOT}/Manifest.lock\" > /dev/null\nif [ $? != 0 ] ; then\n    # print error to STDERR\n    echo \"error: The sandbox is not in sync with the Podfile.lock. Run 'pod install' or update your CocoaPods installation.\" >&2\n    exit 1\nfi\n# This output is used by Xcode 'outputs' to avoid re-running this script phase.\necho \"SUCCESS\" > \"${SCRIPT_OUTPUT_FILE_0}\"\n";
			showEnvVarsInLog = 0;
		};
		DEFEB7A5D6CB39D12075456A /* [CP] Embed Pods Frameworks */ = {
			isa = PBXShellScriptBuildPhase;
			buildActionMask = 2147483647;
			files = (
			);
			inputFileListPaths = (
				"${PODS_ROOT}/Target Support Files/Pods-ReadWriteSpeakThai/Pods-ReadWriteSpeakThai-frameworks-${CONFIGURATION}-input-files.xcfilelist",
			);
			name = "[CP] Embed Pods Frameworks";
			outputFileListPaths = (
				"${PODS_ROOT}/Target Support Files/Pods-ReadWriteSpeakThai/Pods-ReadWriteSpeakThai-frameworks-${CONFIGURATION}-output-files.xcfilelist",
			);
			runOnlyForDeploymentPostprocessing = 0;
			shellPath = /bin/sh;
			shellScript = "\"${PODS_ROOT}/Target Support Files/Pods-ReadWriteSpeakThai/Pods-ReadWriteSpeakThai-frameworks.sh\"\n";
			showEnvVarsInLog = 0;
		};
/* End PBXShellScriptBuildPhase section */

/* Begin PBXSourcesBuildPhase section */
		C3523FA525CAD18C006886C0 /* Sources */ = {
			isa = PBXSourcesBuildPhase;
			buildActionMask = 2147483647;
			files = (
				C34C364725D0CD8B00D7BD2F /* ModeCard.swift in Sources */,
				C36D8E0E25E41010004D901E /* AudioControlCollectionViewCell.swift in Sources */,
				C34C364425D0C78100D7BD2F /* ModeCardCollectionViewCell.swift in Sources */,
				C353585125DAB7C6008FC7DD /* DeckListViewController.swift in Sources */,
				C33FB4AC25E3CCA2008E1A93 /* ActionSentenceCollectionViewCell.swift in Sources */,
				C34CFBF325DE6DA500C810EA /* SentencesViewController.swift in Sources */,
				C353585925DAD691008FC7DD /* VerbCard.swift in Sources */,
				C350BCC725D3E0E100A4D9CC /* DeckListCollectionViewCell.swift in Sources */,
				C38CCE1925FA21430002F827 /* WordBoardCard.swift in Sources */,
				C340348E25F91E3B007DDD60 /* Source.swift in Sources */,
				C3DB848F25D2179B0074B19B /* AccountViewController.swift in Sources */,
				C3549B5225E0A45300659DCA /* BookSelectionCollectionViewCell.swift in Sources */,
				C353585625DABEFB008FC7DD /* VerbCollectionViewCell.swift in Sources */,
				C3DD510725F9F24F00BF59BF /* WordSentenceCollectionViewCell.swift in Sources */,
				C340349125F92919007DDD60 /* Vowel.swift in Sources */,
				C3805B6C25CB9E7800518151 /* WorkCollectionViewCell.swift in Sources */,
				C34EC98225E11913001DB283 /* SentenceStudyViewController.swift in Sources */,
				C3523FAD25CAD18C006886C0 /* AppDelegate.swift in Sources */,
				C38CCE1525FA13D20002F827 /* WordBoardCollectionViewCell.swift in Sources */,
				C355975425D93C00003E2B17 /* AddCardViewController.swift in Sources */,
				C355BBF425CFEAB0003E95E3 /* ModesViewController.swift in Sources */,
				C3C8CD8425F8CC6D006FF5F1 /* APIService.swift in Sources */,
				C3523FAF25CAD18C006886C0 /* SceneDelegate.swift in Sources */,
				C340B21325F8B13A00966810 /* Category.swift in Sources */,
				C3C8CD8725F8CCC9006FF5F1 /* Word.swift in Sources */,
				C3F845A725F9C097004B0B98 /* Sentence.swift in Sources */,
				C35DD20C25D29E030057F0E1 /* FlashCardViewController.swift in Sources */,
				C3C8CD8A25F8DDA7006FF5F1 /* Number.swift in Sources */,
				C376BA4F25EB517700BB18A0 /* PopupToneTableViewCell.swift in Sources */,
				C30D479925E48E970008623F /* ActionControlSentence.swift in Sources */,
				C36D8E0925E3F09D004D901E /* SentenceCollectionViewCell.swift in Sources */,
				C354818E25D1382E00260008 /* ToolCollectionViewCell.swift in Sources */,
				C3552D2D25CCED1A00869020 /* ToolGameCard.swift in Sources */,
				C3879AF925EAD95F00467F59 /* PopupViewController.swift in Sources */,
				C3549B5B25E0AED800659DCA /* AppSelectionCollectionViewCell.swift in Sources */,
				C354818A25D1294D00260008 /* ToolsViewController.swift in Sources */,
				C371B91425E03910007422BE /* SourceViewController.swift in Sources */,
				C3F19D6425CAD2F30026D960 /* Constant.swift in Sources */,
				C3DB849425D21A340074B19B /* SettingCollectionViewCell.swift in Sources */,
				C376BA5325EB570F00BB18A0 /* ToneTableCell.swift in Sources */,
				C34C2A5925E0BD0C0078AEC4 /* CategoryViewController.swift in Sources */,
				C30D479D25E4A0D50008623F /* SentenceCard.swift in Sources */,
				C3EACEE025D919CC009E0A45 /* ShowDeckListButton.swift in Sources */,
				C34F8EFC25CC4480001EE138 /* ToolGameCollectionViewCell.swift in Sources */,
				C38CCE0F25FA137C0002F827 /* WordViewController.swift in Sources */,
				C355BBF625CFECE7003E95E3 /* DashboardViewController.swift in Sources */,
				C3552D2B25CCDF4F00869020 /* WorkCard.swift in Sources */,
				C37FBC5725EA5A4300B00588 /* TabbarController.swift in Sources */,
				C30D479B25E497FB0008623F /* AudioControlSentence.swift in Sources */,
				C354819125D13CD400260008 /* ToolCard.swift in Sources */,
				C3DB849725D2230B0074B19B /* SettingCard.swift in Sources */,
				C3549B5725E0A5B900659DCA /* SubtitleSelectionCollectionViewCell.swift in Sources */,
				C37ADA9F25E8DFE500067E8F /* CategoryTagTableViewCell.swift in Sources */,
				C3F19D6925CAE3760026D960 /* OverviewCard.swift in Sources */,
			);
			runOnlyForDeploymentPostprocessing = 0;
		};
/* End PBXSourcesBuildPhase section */

/* Begin PBXVariantGroup section */
		C3523FB225CAD18C006886C0 /* Main.storyboard */ = {
			isa = PBXVariantGroup;
			children = (
				C3523FB325CAD18C006886C0 /* Base */,
			);
			name = Main.storyboard;
			sourceTree = "<group>";
		};
		C3523FB725CAD192006886C0 /* LaunchScreen.storyboard */ = {
			isa = PBXVariantGroup;
			children = (
				C3523FB825CAD192006886C0 /* Base */,
			);
			name = LaunchScreen.storyboard;
			sourceTree = "<group>";
		};
/* End PBXVariantGroup section */

/* Begin XCBuildConfiguration section */
		C3523FBB25CAD193006886C0 /* Debug */ = {
			isa = XCBuildConfiguration;
			buildSettings = {
				ALWAYS_SEARCH_USER_PATHS = NO;
				CLANG_ANALYZER_NONNULL = YES;
				CLANG_ANALYZER_NUMBER_OBJECT_CONVERSION = YES_AGGRESSIVE;
				CLANG_CXX_LANGUAGE_STANDARD = "gnu++14";
				CLANG_CXX_LIBRARY = "libc++";
				CLANG_ENABLE_MODULES = YES;
				CLANG_ENABLE_OBJC_ARC = YES;
				CLANG_ENABLE_OBJC_WEAK = YES;
				CLANG_WARN_BLOCK_CAPTURE_AUTORELEASING = YES;
				CLANG_WARN_BOOL_CONVERSION = YES;
				CLANG_WARN_COMMA = YES;
				CLANG_WARN_CONSTANT_CONVERSION = YES;
				CLANG_WARN_DEPRECATED_OBJC_IMPLEMENTATIONS = YES;
				CLANG_WARN_DIRECT_OBJC_ISA_USAGE = YES_ERROR;
				CLANG_WARN_DOCUMENTATION_COMMENTS = YES;
				CLANG_WARN_EMPTY_BODY = YES;
				CLANG_WARN_ENUM_CONVERSION = YES;
				CLANG_WARN_INFINITE_RECURSION = YES;
				CLANG_WARN_INT_CONVERSION = YES;
				CLANG_WARN_NON_LITERAL_NULL_CONVERSION = YES;
				CLANG_WARN_OBJC_IMPLICIT_RETAIN_SELF = YES;
				CLANG_WARN_OBJC_LITERAL_CONVERSION = YES;
				CLANG_WARN_OBJC_ROOT_CLASS = YES_ERROR;
				CLANG_WARN_QUOTED_INCLUDE_IN_FRAMEWORK_HEADER = YES;
				CLANG_WARN_RANGE_LOOP_ANALYSIS = YES;
				CLANG_WARN_STRICT_PROTOTYPES = YES;
				CLANG_WARN_SUSPICIOUS_MOVE = YES;
				CLANG_WARN_UNGUARDED_AVAILABILITY = YES_AGGRESSIVE;
				CLANG_WARN_UNREACHABLE_CODE = YES;
				CLANG_WARN__DUPLICATE_METHOD_MATCH = YES;
				COPY_PHASE_STRIP = NO;
				DEBUG_INFORMATION_FORMAT = dwarf;
				ENABLE_STRICT_OBJC_MSGSEND = YES;
				ENABLE_TESTABILITY = YES;
				GCC_C_LANGUAGE_STANDARD = gnu11;
				GCC_DYNAMIC_NO_PIC = NO;
				GCC_NO_COMMON_BLOCKS = YES;
				GCC_OPTIMIZATION_LEVEL = 0;
				GCC_PREPROCESSOR_DEFINITIONS = (
					"DEBUG=1",
					"$(inherited)",
				);
				GCC_WARN_64_TO_32_BIT_CONVERSION = YES;
				GCC_WARN_ABOUT_RETURN_TYPE = YES_ERROR;
				GCC_WARN_UNDECLARED_SELECTOR = YES;
				GCC_WARN_UNINITIALIZED_AUTOS = YES_AGGRESSIVE;
				GCC_WARN_UNUSED_FUNCTION = YES;
				GCC_WARN_UNUSED_VARIABLE = YES;
				IPHONEOS_DEPLOYMENT_TARGET = 13.7;
				MTL_ENABLE_DEBUG_INFO = INCLUDE_SOURCE;
				MTL_FAST_MATH = YES;
				ONLY_ACTIVE_ARCH = YES;
				SDKROOT = iphoneos;
				SWIFT_ACTIVE_COMPILATION_CONDITIONS = DEBUG;
				SWIFT_OPTIMIZATION_LEVEL = "-Onone";
			};
			name = Debug;
		};
		C3523FBC25CAD193006886C0 /* Release */ = {
			isa = XCBuildConfiguration;
			buildSettings = {
				ALWAYS_SEARCH_USER_PATHS = NO;
				CLANG_ANALYZER_NONNULL = YES;
				CLANG_ANALYZER_NUMBER_OBJECT_CONVERSION = YES_AGGRESSIVE;
				CLANG_CXX_LANGUAGE_STANDARD = "gnu++14";
				CLANG_CXX_LIBRARY = "libc++";
				CLANG_ENABLE_MODULES = YES;
				CLANG_ENABLE_OBJC_ARC = YES;
				CLANG_ENABLE_OBJC_WEAK = YES;
				CLANG_WARN_BLOCK_CAPTURE_AUTORELEASING = YES;
				CLANG_WARN_BOOL_CONVERSION = YES;
				CLANG_WARN_COMMA = YES;
				CLANG_WARN_CONSTANT_CONVERSION = YES;
				CLANG_WARN_DEPRECATED_OBJC_IMPLEMENTATIONS = YES;
				CLANG_WARN_DIRECT_OBJC_ISA_USAGE = YES_ERROR;
				CLANG_WARN_DOCUMENTATION_COMMENTS = YES;
				CLANG_WARN_EMPTY_BODY = YES;
				CLANG_WARN_ENUM_CONVERSION = YES;
				CLANG_WARN_INFINITE_RECURSION = YES;
				CLANG_WARN_INT_CONVERSION = YES;
				CLANG_WARN_NON_LITERAL_NULL_CONVERSION = YES;
				CLANG_WARN_OBJC_IMPLICIT_RETAIN_SELF = YES;
				CLANG_WARN_OBJC_LITERAL_CONVERSION = YES;
				CLANG_WARN_OBJC_ROOT_CLASS = YES_ERROR;
				CLANG_WARN_QUOTED_INCLUDE_IN_FRAMEWORK_HEADER = YES;
				CLANG_WARN_RANGE_LOOP_ANALYSIS = YES;
				CLANG_WARN_STRICT_PROTOTYPES = YES;
				CLANG_WARN_SUSPICIOUS_MOVE = YES;
				CLANG_WARN_UNGUARDED_AVAILABILITY = YES_AGGRESSIVE;
				CLANG_WARN_UNREACHABLE_CODE = YES;
				CLANG_WARN__DUPLICATE_METHOD_MATCH = YES;
				COPY_PHASE_STRIP = NO;
				DEBUG_INFORMATION_FORMAT = "dwarf-with-dsym";
				ENABLE_NS_ASSERTIONS = NO;
				ENABLE_STRICT_OBJC_MSGSEND = YES;
				GCC_C_LANGUAGE_STANDARD = gnu11;
				GCC_NO_COMMON_BLOCKS = YES;
				GCC_WARN_64_TO_32_BIT_CONVERSION = YES;
				GCC_WARN_ABOUT_RETURN_TYPE = YES_ERROR;
				GCC_WARN_UNDECLARED_SELECTOR = YES;
				GCC_WARN_UNINITIALIZED_AUTOS = YES_AGGRESSIVE;
				GCC_WARN_UNUSED_FUNCTION = YES;
				GCC_WARN_UNUSED_VARIABLE = YES;
				IPHONEOS_DEPLOYMENT_TARGET = 13.7;
				MTL_ENABLE_DEBUG_INFO = NO;
				MTL_FAST_MATH = YES;
				SDKROOT = iphoneos;
				SWIFT_COMPILATION_MODE = wholemodule;
				SWIFT_OPTIMIZATION_LEVEL = "-O";
				VALIDATE_PRODUCT = YES;
			};
			name = Release;
		};
		C3523FBE25CAD193006886C0 /* Debug */ = {
			isa = XCBuildConfiguration;
			baseConfigurationReference = 0EE321EED23620F4EA3FF055 /* Pods-ReadWriteSpeakThai.debug.xcconfig */;
			buildSettings = {
				ASSETCATALOG_COMPILER_APPICON_NAME = AppIcon;
				CLANG_ENABLE_MODULES = YES;
				CODE_SIGN_STYLE = Automatic;
				INFOPLIST_FILE = ReadWriteSpeakThai/Info.plist;
				LD_RUNPATH_SEARCH_PATHS = (
					"$(inherited)",
					"@executable_path/Frameworks",
				);
				PRODUCT_BUNDLE_IDENTIFIER = com.ducnguyen46.ReadWriteSpeakThai;
				PRODUCT_NAME = "$(TARGET_NAME)";
				SWIFT_OPTIMIZATION_LEVEL = "-Onone";
				SWIFT_VERSION = 5.0;
				TARGETED_DEVICE_FAMILY = "1,2";
			};
			name = Debug;
		};
		C3523FBF25CAD193006886C0 /* Release */ = {
			isa = XCBuildConfiguration;
			baseConfigurationReference = 2D8EF73E42F7D64790E580C7 /* Pods-ReadWriteSpeakThai.release.xcconfig */;
			buildSettings = {
				ASSETCATALOG_COMPILER_APPICON_NAME = AppIcon;
				CLANG_ENABLE_MODULES = YES;
				CODE_SIGN_STYLE = Automatic;
				INFOPLIST_FILE = ReadWriteSpeakThai/Info.plist;
				LD_RUNPATH_SEARCH_PATHS = (
					"$(inherited)",
					"@executable_path/Frameworks",
				);
				PRODUCT_BUNDLE_IDENTIFIER = com.ducnguyen46.ReadWriteSpeakThai;
				PRODUCT_NAME = "$(TARGET_NAME)";
				SWIFT_VERSION = 5.0;
				TARGETED_DEVICE_FAMILY = "1,2";
			};
			name = Release;
		};
/* End XCBuildConfiguration section */

/* Begin XCConfigurationList section */
		C3523FA425CAD18C006886C0 /* Build configuration list for PBXProject "ReadWriteSpeakThai" */ = {
			isa = XCConfigurationList;
			buildConfigurations = (
				C3523FBB25CAD193006886C0 /* Debug */,
				C3523FBC25CAD193006886C0 /* Release */,
			);
			defaultConfigurationIsVisible = 0;
			defaultConfigurationName = Release;
		};
		C3523FBD25CAD193006886C0 /* Build configuration list for PBXNativeTarget "ReadWriteSpeakThai" */ = {
			isa = XCConfigurationList;
			buildConfigurations = (
				C3523FBE25CAD193006886C0 /* Debug */,
				C3523FBF25CAD193006886C0 /* Release */,
			);
			defaultConfigurationIsVisible = 0;
			defaultConfigurationName = Release;
		};
/* End XCConfigurationList section */
	};
	rootObject = C3523FA125CAD18C006886C0 /* Project object */;
}
